
Microsoft Visual Studio Solution File, Format Version 12.00
# Visual Studio Version 16
VisualStudioVersion = 16.0.31105.61
MinimumVisualStudioVersion = 10.0.40219.1
Project("{FAE04EC0-301F-11D3-BF4B-00C04F79EFBC}") = "CMU_SIGN_API", "CMU_SIGN_API\CMU_SIGN_API.csproj", "{8A4E8BC5-2854-4A4C-A282-DF807709A94D}"
EndProject
Global
	GlobalSection(SolutionConfigurationPlatforms) = preSolution
		Debug|Any CPU = Debug|Any CPU
		Release|Any CPU = Release|Any CPU
	EndGlobalSection
	GlobalSection(ProjectConfigurationPlatforms) = postSolution
		{8A4E8BC5-2854-4A4C-A282-DF807709A94D}.Debug|Any CPU.ActiveCfg = Debug|Any CPU
		{8A4E8BC5-2854-4A4C-A282-DF807709A94D}.Debug|Any CPU.Build.0 = Debug|Any CPU
		{8A4E8BC5-2854-4A4C-A282-DF807709A94D}.Release|Any CPU.ActiveCfg = Release|Any CPU
		{8A4E8BC5-2854-4A4C-A282-DF807709A94D}.Release|Any CPU.Build.0 = Release|Any CPU
	EndGlobalSection
	GlobalSection(SolutionProperties) = preSolution
		HideSolutionNode = FALSE
	EndGlobalSection
	GlobalSection(ExtensibilityGlobals) = postSolution
		SolutionGuid = {C96D9A8A-1397-410E-8B89-25B5F4CC2BA4}
	EndGlobalSection
EndGlobal
